
Microsoft Visual Studio Solution File, Format Version 12.00
# Visual Studio Version 16
VisualStudioVersion = 16.0.31410.357
MinimumVisualStudioVersion = 10.0.40219.1
Project("{FAE04EC0-301F-11D3-BF4B-00C04F79EFBC}") = "PostcodeParser", "PostcodeParser\PostcodeParser.csproj", "{59B71A33-E482-4CA9-8152-914E939A530C}"
EndProject
Global
	GlobalSection(SolutionConfigurationPlatforms) = preSolution
		Debug|Any CPU = Debug|Any CPU
		Release|Any CPU = Release|Any CPU
	EndGlobalSection
	GlobalSection(ProjectConfigurationPlatforms) = postSolution
		{59B71A33-E482-4CA9-8152-914E939A530C}.Debug|Any CPU.ActiveCfg = Debug|Any CPU
		{59B71A33-E482-4CA9-8152-914E939A530C}.Debug|Any CPU.Build.0 = Debug|Any CPU
		{59B71A33-E482-4CA9-8152-914E939A530C}.Release|Any CPU.ActiveCfg = Release|Any CPU
		{59B71A33-E482-4CA9-8152-914E939A530C}.Release|Any CPU.Build.0 = Release|Any CPU
	EndGlobalSection
	GlobalSection(SolutionProperties) = preSolution
		HideSolutionNode = FALSE
	EndGlobalSection
	GlobalSection(ExtensibilityGlobals) = postSolution
		SolutionGuid = {C80A333E-EA2C-4CA0-B638-8B400EC012B0}
	EndGlobalSection
EndGlobal
